dependencies:
- name: vault
  repository: https://helm.releases.hashicorp.com
  version: 0.29.1
- name: secrets-store-csi-driver
  repository: https://kubernetes-sigs.github.io/secrets-store-csi-driver/charts
  version: 1.4.0
- name: gateway-helm
  repository: oci://registry-1.docker.io/envoyproxy
  version: 1.2.3
- name: cert-manager
  repository: https://charts.jetstack.io
  version: v1.16.2
digest: sha256:937ee41d26a39d8400481d659e741a33a2a202eb7f6169f81bc06e83703aa043
generated: "2025-07-13T20:01:50.270075+05:30"
